
Microsoft Visual Studio Solution File, Format Version 12.00
# Visual Studio 15
VisualStudioVersion = 15.0.27004.2009
MinimumVisualStudioVersion = 10.0.40219.1
Project("{FAE04EC0-301F-11D3-BF4B-00C04F79EFBC}") = "SCS", "SCS\SCS.csproj", "{1977A830-D047-4CFC-BE4C-40D8A8975AC7}"
EndProject
Project("{FAE04EC0-301F-11D3-BF4B-00C04F79EFBC}") = "SCSTest", "SCSTest\SCSTest.csproj", "{FE7E4B6F-588C-46C7-9CD0-B6C34672EDE2}"
EndProject
Project("{FAE04EC0-301F-11D3-BF4B-00C04F79EFBC}") = "ClientCore", "ClientCore\ClientCore.csproj", "{2FF5386D-5C9B-4097-8D62-C1E76FE18A6E}"
EndProject
Global
	GlobalSection(SolutionConfigurationPlatforms) = preSolution
		Debug|Any CPU = Debug|Any CPU
		Release|Any CPU = Release|Any CPU
	EndGlobalSection
	GlobalSection(ProjectConfigurationPlatforms) = postSolution
		{1977A830-D047-4CFC-BE4C-40D8A8975AC7}.Debug|Any CPU.ActiveCfg = Debug|Any CPU
		{1977A830-D047-4CFC-BE4C-40D8A8975AC7}.Debug|Any CPU.Build.0 = Debug|Any CPU
		{1977A830-D047-4CFC-BE4C-40D8A8975AC7}.Release|Any CPU.ActiveCfg = Release|Any CPU
		{1977A830-D047-4CFC-BE4C-40D8A8975AC7}.Release|Any CPU.Build.0 = Release|Any CPU
		{FE7E4B6F-588C-46C7-9CD0-B6C34672EDE2}.Debug|Any CPU.ActiveCfg = Debug|Any CPU
		{FE7E4B6F-588C-46C7-9CD0-B6C34672EDE2}.Debug|Any CPU.Build.0 = Debug|Any CPU
		{FE7E4B6F-588C-46C7-9CD0-B6C34672EDE2}.Release|Any CPU.ActiveCfg = Release|Any CPU
		{FE7E4B6F-588C-46C7-9CD0-B6C34672EDE2}.Release|Any CPU.Build.0 = Release|Any CPU
		{2FF5386D-5C9B-4097-8D62-C1E76FE18A6E}.Debug|Any CPU.ActiveCfg = Debug|Any CPU
		{2FF5386D-5C9B-4097-8D62-C1E76FE18A6E}.Debug|Any CPU.Build.0 = Debug|Any CPU
		{2FF5386D-5C9B-4097-8D62-C1E76FE18A6E}.Release|Any CPU.ActiveCfg = Release|Any CPU
		{2FF5386D-5C9B-4097-8D62-C1E76FE18A6E}.Release|Any CPU.Build.0 = Release|Any CPU
	EndGlobalSection
	GlobalSection(SolutionProperties) = preSolution
		HideSolutionNode = FALSE
	EndGlobalSection
	GlobalSection(ExtensibilityGlobals) = postSolution
		SolutionGuid = {6D185CFA-92E3-480B-A0A3-5F6F645789B4}
	EndGlobalSection
EndGlobal
